// !$*UTF8*$!
{
	archiveVersion = 1;
	classes = {
	};
	objectVersion = 55;
	objects = {

/* Begin PBXBuildFile section */
		1C71260D26B976677D520F82 /* Pods_CameraFilter.framework in Frameworks */ = {isa = PBXBuildFile; fileRef = FEEDCB60FFBCB3A24F2E50FC /* Pods_CameraFilter.framework */; };
		B41C217C275CC059009744EC /* AppDelegate.swift in Sources */ = {isa = PBXBuildFile; fileRef = B41C217B275CC059009744EC /* AppDelegate.swift */; };
		B41C217E275CC059009744EC /* SceneDelegate.swift in Sources */ = {isa = PBXBuildFile; fileRef = B41C217D275CC059009744EC /* SceneDelegate.swift */; };
		B41C2180275CC059009744EC /* ViewController.swift in Sources */ = {isa = PBXBuildFile; fileRef = B41C217F275CC059009744EC /* ViewController.swift */; };
		B41C2183275CC059009744EC /* Main.storyboard in Resources */ = {isa = PBXBuildFile; fileRef = B41C2181275CC059009744EC /* Main.storyboard */; };
		B41C2185275CC05C009744EC /* Assets.xcassets in Resources */ = {isa = PBXBuildFile; fileRef = B41C2184275CC05C009744EC /* Assets.xcassets */; };
		B41C2188275CC05C009744EC /* LaunchScreen.storyboard in Resources */ = {isa = PBXBuildFile; fileRef = B41C2186275CC05C009744EC /* LaunchScreen.storyboard */; };
		B41C2190275CC23B009744EC /* PhotoCollectionViewController.swift in Sources */ = {isa = PBXBuildFile; fileRef = B41C218F275CC23B009744EC /* PhotoCollectionViewController.swift */; };
		B41C2192275CE714009744EC /* PhotoCollectionViewCell.swift in Sources */ = {isa = PBXBuildFile; fileRef = B41C2191275CE714009744EC /* PhotoCollectionViewCell.swift */; };
		B41C2194275D0948009744EC /* FilterService.swift in Sources */ = {isa = PBXBuildFile; fileRef = B41C2193275D0948009744EC /* FilterService.swift */; };
/* End PBXBuildFile section */

/* Begin PBXFileReference section */
		0DF606051389ACCAA475BD30 /* Pods-CameraFilter.debug.xcconfig */ = {isa = PBXFileReference; includeInIndex = 1; lastKnownFileType = text.xcconfig; name = "Pods-CameraFilter.debug.xcconfig"; path = "Target Support Files/Pods-CameraFilter/Pods-CameraFilter.debug.xcconfig"; sourceTree = "<group>"; };
		42EC4C0248CAA3AB85EC1C36 /* Pods-CameraFilter.release.xcconfig */ = {isa = PBXFileReference; includeInIndex = 1; lastKnownFileType = text.xcconfig; name = "Pods-CameraFilter.release.xcconfig"; path = "Target Support Files/Pods-CameraFilter/Pods-CameraFilter.release.xcconfig"; sourceTree = "<group>"; };
		B41C2178275CC059009744EC /* CameraFilter.app */ = {isa = PBXFileReference; explicitFileType = wrapper.application; includeInIndex = 0; path = CameraFilter.app; sourceTree = BUILT_PRODUCTS_DIR; };
		B41C217B275CC059009744EC /* AppDelegate.swift */ = {isa = PBXFileReference; lastKnownFileType = sourcecode.swift; path = AppDelegate.swift; sourceTree = "<group>"; };
		B41C217D275CC059009744EC /* SceneDelegate.swift */ = {isa = PBXFileReference; lastKnownFileType = sourcecode.swift; path = SceneDelegate.swift; sourceTree = "<group>"; };
		B41C217F275CC059009744EC /* ViewController.swift */ = {isa = PBXFileReference; lastKnownFileType = sourcecode.swift; path = ViewController.swift; sourceTree = "<group>"; };
		B41C2182275CC059009744EC /* Base */ = {isa = PBXFileReference; lastKnownFileType = file.storyboard; name = Base; path = Base.lproj/Main.storyboard; sourceTree = "<group>"; };
		B41C2184275CC05C009744EC /* Assets.xcassets */ = {isa = PBXFileReference; lastKnownFileType = folder.assetcatalog; path = Assets.xcassets; sourceTree = "<group>"; };
		B41C2187275CC05C009744EC /* Base */ = {isa = PBXFileReference; lastKnownFileType = file.storyboard; name = Base; path = Base.lproj/LaunchScreen.storyboard; sourceTree = "<group>"; };
		B41C2189275CC05C009744EC /* Info.plist */ = {isa = PBXFileReference; lastKnownFileType = text.plist.xml; path = Info.plist; sourceTree = "<group>"; };
		B41C218F275CC23B009744EC /* PhotoCollectionViewController.swift */ = {isa = PBXFileReference; lastKnownFileType = sourcecode.swift; path = PhotoCollectionViewController.swift; sourceTree = "<group>"; };
		B41C2191275CE714009744EC /* PhotoCollectionViewCell.swift */ = {isa = PBXFileReference; lastKnownFileType = sourcecode.swift; path = PhotoCollectionViewCell.swift; sourceTree = "<group>"; };
		B41C2193275D0948009744EC /* FilterService.swift */ = {isa = PBXFileReference; lastKnownFileType = sourcecode.swift; path = FilterService.swift; sourceTree = "<group>"; };
		FEEDCB60FFBCB3A24F2E50FC /* Pods_CameraFilter.framework */ = {isa = PBXFileReference; explicitFileType = wrapper.framework; includeInIndex = 0; path = Pods_CameraFilter.framework; sourceTree = BUILT_PRODUCTS_DIR; };
/* End PBXFileReference section */

/* Begin PBXFrameworksBuildPhase section */
		B41C2175275CC059009744EC /* Frameworks */ = {
			isa = PBXFrameworksBuildPhase;
			buildActionMask = 2147483647;
			files = (
				1C71260D26B976677D520F82 /* Pods_CameraFilter.framework in Frameworks */,
			);
			runOnlyForDeploymentPostprocessing = 0;
		};
/* End PBXFrameworksBuildPhase section */

/* Begin PBXGroup section */
		80BF5200DE24A30769C9D0A0 /* Pods */ = {
			isa = PBXGroup;
			children = (
				0DF606051389ACCAA475BD30 /* Pods-CameraFilter.debug.xcconfig */,
				42EC4C0248CAA3AB85EC1C36 /* Pods-CameraFilter.release.xcconfig */,
			);
			path = Pods;
			sourceTree = "<group>";
		};
		82EE44724AC24BA88FD246EE /* Frameworks */ = {
			isa = PBXGroup;
			children = (
				FEEDCB60FFBCB3A24F2E50FC /* Pods_CameraFilter.framework */,
			);
			name = Frameworks;
			sourceTree = "<group>";
		};
		B41C216F275CC059009744EC = {
			isa = PBXGroup;
			children = (
				B41C217A275CC059009744EC /* CameraFilter */,
				B41C2179275CC059009744EC /* Products */,
				80BF5200DE24A30769C9D0A0 /* Pods */,
				82EE44724AC24BA88FD246EE /* Frameworks */,
			);
			sourceTree = "<group>";
		};
		B41C2179275CC059009744EC /* Products */ = {
			isa = PBXGroup;
			children = (
				B41C2178275CC059009744EC /* CameraFilter.app */,
			);
			name = Products;
			sourceTree = "<group>";
		};
		B41C217A275CC059009744EC /* CameraFilter */ = {
			isa = PBXGroup;
			children = (
				B41C217B275CC059009744EC /* AppDelegate.swift */,
				B41C217D275CC059009744EC /* SceneDelegate.swift */,
				B41C217F275CC059009744EC /* ViewController.swift */,
				B41C2191275CE714009744EC /* PhotoCollectionViewCell.swift */,
				B41C218F275CC23B009744EC /* PhotoCollectionViewController.swift */,
				B41C2193275D0948009744EC /* FilterService.swift */,
				B41C2181275CC059009744EC /* Main.storyboard */,
				B41C2184275CC05C009744EC /* Assets.xcassets */,
				B41C2186275CC05C009744EC /* LaunchScreen.storyboard */,
				B41C2189275CC05C009744EC /* Info.plist */,
			);
			path = CameraFilter;
			sourceTree = "<group>";
		};
/* End PBXGroup section */

/* Begin PBXNativeTarget section */
		B41C2177275CC059009744EC /* CameraFilter */ = {
			isa = PBXNativeTarget;
			buildConfigurationList = B41C218C275CC05C009744EC /* Build configuration list for PBXNativeTarget "CameraFilter" */;
			buildPhases = (
				45F5FA514D8993A43631D855 /* [CP] Check Pods Manifest.lock */,
				B41C2174275CC059009744EC /* Sources */,
				B41C2175275CC059009744EC /* Frameworks */,
				B41C2176275CC059009744EC /* Resources */,
				EFC5BA834B7C6615DCA795C8 /* [CP] Embed Pods Frameworks */,
			);
			buildRules = (
			);
			dependencies = (
			);
			name = CameraFilter;
			productName = CameraFilter;
			productReference = B41C2178275CC059009744EC /* CameraFilter.app */;
			productType = "com.apple.product-type.application";
		};
/* End PBXNativeTarget section */

/* Begin PBXProject section */
		B41C2170275CC059009744EC /* Project object */ = {
			isa = PBXProject;
			attributes = {
				BuildIndependentTargetsInParallel = 1;
				LastSwiftUpdateCheck = 1300;
				LastUpgradeCheck = 1300;
				TargetAttributes = {
					B41C2177275CC059009744EC = {
						CreatedOnToolsVersion = 13.0;
					};
				};
			};
			buildConfigurationList = B41C2173275CC059009744EC /* Build configuration list for PBXProject "CameraFilter" */;
			compatibilityVersion = "Xcode 13.0";
			developmentRegion = en;
			hasScannedForEncodings = 0;
			knownRegions = (
				en,
				Base,
			);
			mainGroup = B41C216F275CC059009744EC;
			productRefGroup = B41C2179275CC059009744EC /* Products */;
			projectDirPath = "";
			projectRoot = "";
			targets = (
				B41C2177275CC059009744EC /* CameraFilter */,
			);
		};
/* End PBXProject section */

/* Begin PBXResourcesBuildPhase section */
		B41C2176275CC059009744EC /* Resources */ = {
			isa = PBXResourcesBuildPhase;
			buildActionMask = 2147483647;
			files = (
				B41C2188275CC05C009744EC /* LaunchScreen.storyboard in Resources */,
				B41C2185275CC05C009744EC /* Assets.xcassets in Resources */,
				B41C2183275CC059009744EC /* Main.storyboard in Resources */,
			);
			runOnlyForDeploymentPostprocessing = 0;
		};
/* End PBXResourcesBuildPhase section */

/* Begin PBXShellScriptBuildPhase section */
		45F5FA514D8993A43631D855 /* [CP] Check Pods Manifest.lock */ = {
			isa = PBXShellScriptBuildPhase;
			buildActionMask = 2147483647;
			files = (
			);
			inputFileListPaths = (
			);
			inputPaths = (
				"${PODS_PODFILE_DIR_PATH}/Podfile.lock",
				"${PODS_ROOT}/Manifest.lock",
			);
			name = "[CP] Check Pods Manifest.lock";
			outputFileListPaths = (
			);
			outputPaths = (
				"$(DERIVED_FILE_DIR)/Pods-CameraFilter-checkManifestLockResult.txt",
			);
			runOnlyForDeploymentPostprocessing = 0;
			shellPath = /bin/sh;
			shellScript = "diff \"${PODS_PODFILE_DIR_PATH}/Podfile.lock\" \"${PODS_ROOT}/Manifest.lock\" > /dev/null\nif [ $? != 0 ] ; then\n    # print error to STDERR\n    echo \"error: The sandbox is not in sync with the Podfile.lock. Run 'pod install' or update your CocoaPods installation.\" >&2\n    exit 1\nfi\n# This output is used by Xcode 'outputs' to avoid re-running this script phase.\necho \"SUCCESS\" > \"${SCRIPT_OUTPUT_FILE_0}\"\n";
			showEnvVarsInLog = 0;
		};
		EFC5BA834B7C6615DCA795C8 /* [CP] Embed Pods Frameworks */ = {
			isa = PBXShellScriptBuildPhase;
			buildActionMask = 2147483647;
			files = (
			);
			inputFileListPaths = (
				"${PODS_ROOT}/Target Support Files/Pods-CameraFilter/Pods-CameraFilter-frameworks-${CONFIGURATION}-input-files.xcfilelist",
			);
			name = "[CP] Embed Pods Frameworks";
			outputFileListPaths = (
				"${PODS_ROOT}/Target Support Files/Pods-CameraFilter/Pods-CameraFilter-frameworks-${CONFIGURATION}-output-files.xcfilelist",
			);
			runOnlyForDeploymentPostprocessing = 0;
			shellPath = /bin/sh;
			shellScript = "\"${PODS_ROOT}/Target Support Files/Pods-CameraFilter/Pods-CameraFilter-frameworks.sh\"\n";
			showEnvVarsInLog = 0;
		};
/* End PBXShellScriptBuildPhase section */

/* Begin PBXSourcesBuildPhase section */
		B41C2174275CC059009744EC /* Sources */ = {
			isa = PBXSourcesBuildPhase;
			buildActionMask = 2147483647;
			files = (
				B41C2180275CC059009744EC /* ViewController.swift in Sources */,
				B41C2192275CE714009744EC /* PhotoCollectionViewCell.swift in Sources */,
				B41C217C275CC059009744EC /* AppDelegate.swift in Sources */,
				B41C2194275D0948009744EC /* FilterService.swift in Sources */,
				B41C217E275CC059009744EC /* SceneDelegate.swift in Sources */,
				B41C2190275CC23B009744EC /* PhotoCollectionViewController.swift in Sources */,
			);
			runOnlyForDeploymentPostprocessing = 0;
		};
/* End PBXSourcesBuildPhase section */

/* Begin PBXVariantGroup section */
		B41C2181275CC059009744EC /* Main.storyboard */ = {
			isa = PBXVariantGroup;
			children = (
				B41C2182275CC059009744EC /* Base */,
			);
			name = Main.storyboard;
			sourceTree = "<group>";
		};
		B41C2186275CC05C009744EC /* LaunchScreen.storyboard */ = {
			isa = PBXVariantGroup;
			children = (
				B41C2187275CC05C009744EC /* Base */,
			);
			name = LaunchScreen.storyboard;
			sourceTree = "<group>";
		};
/* End PBXVariantGroup section */

/* Begin XCBuildConfiguration section */
		B41C218A275CC05C009744EC /* Debug */ = {
			isa = XCBuildConfiguration;
			buildSettings = {
				ALWAYS_SEARCH_USER_PATHS = NO;
				CLANG_ANALYZER_NONNULL = YES;
				CLANG_ANALYZER_NUMBER_OBJECT_CONVERSION = YES_AGGRESSIVE;
				CLANG_CXX_LANGUAGE_STANDARD = "gnu++17";
				CLANG_CXX_LIBRARY = "libc++";
				CLANG_ENABLE_MODULES = YES;
				CLANG_ENABLE_OBJC_ARC = YES;
				CLANG_ENABLE_OBJC_WEAK = YES;
				CLANG_WARN_BLOCK_CAPTURE_AUTORELEASING = YES;
				CLANG_WARN_BOOL_CONVERSION = YES;
				CLANG_WARN_COMMA = YES;
				CLANG_WARN_CONSTANT_CONVERSION = YES;
				CLANG_WARN_DEPRECATED_OBJC_IMPLEMENTATIONS = YES;
				CLANG_WARN_DIRECT_OBJC_ISA_USAGE = YES_ERROR;
				CLANG_WARN_DOCUMENTATION_COMMENTS = YES;
				CLANG_WARN_EMPTY_BODY = YES;
				CLANG_WARN_ENUM_CONVERSION = YES;
				CLANG_WARN_INFINITE_RECURSION = YES;
				CLANG_WARN_INT_CONVERSION = YES;
				CLANG_WARN_NON_LITERAL_NULL_CONVERSION = YES;
				CLANG_WARN_OBJC_IMPLICIT_RETAIN_SELF = YES;
				CLANG_WARN_OBJC_LITERAL_CONVERSION = YES;
				CLANG_WARN_OBJC_ROOT_CLASS = YES_ERROR;
				CLANG_WARN_QUOTED_INCLUDE_IN_FRAMEWORK_HEADER = YES;
				CLANG_WARN_RANGE_LOOP_ANALYSIS = YES;
				CLANG_WARN_STRICT_PROTOTYPES = YES;
				CLANG_WARN_SUSPICIOUS_MOVE = YES;
				CLANG_WARN_UNGUARDED_AVAILABILITY = YES_AGGRESSIVE;
				CLANG_WARN_UNREACHABLE_CODE = YES;
				CLANG_WARN__DUPLICATE_METHOD_MATCH = YES;
				COPY_PHASE_STRIP = NO;
				DEBUG_INFORMATION_FORMAT = dwarf;
				ENABLE_STRICT_OBJC_MSGSEND = YES;
				ENABLE_TESTABILITY = YES;
				GCC_C_LANGUAGE_STANDARD = gnu11;
				GCC_DYNAMIC_NO_PIC = NO;
				GCC_NO_COMMON_BLOCKS = YES;
				GCC_OPTIMIZATION_LEVEL = 0;
				GCC_PREPROCESSOR_DEFINITIONS = (
					"DEBUG=1",
					"$(inherited)",
				);
				GCC_WARN_64_TO_32_BIT_CONVERSION = YES;
				GCC_WARN_ABOUT_RETURN_TYPE = YES_ERROR;
				GCC_WARN_UNDECLARED_SELECTOR = YES;
				GCC_WARN_UNINITIALIZED_AUTOS = YES_AGGRESSIVE;
				GCC_WARN_UNUSED_FUNCTION = YES;
				GCC_WARN_UNUSED_VARIABLE = YES;
				IPHONEOS_DEPLOYMENT_TARGET = 15.0;
				MTL_ENABLE_DEBUG_INFO = INCLUDE_SOURCE;
				MTL_FAST_MATH = YES;
				ONLY_ACTIVE_ARCH = YES;
				SDKROOT = iphoneos;
				SWIFT_ACTIVE_COMPILATION_CONDITIONS = DEBUG;
				SWIFT_OPTIMIZATION_LEVEL = "-Onone";
			};
			name = Debug;
		};
		B41C218B275CC05C009744EC /* Release */ = {
			isa = XCBuildConfiguration;
			buildSettings = {
				ALWAYS_SEARCH_USER_PATHS = NO;
				CLANG_ANALYZER_NONNULL = YES;
				CLANG_ANALYZER_NUMBER_OBJECT_CONVERSION = YES_AGGRESSIVE;
				CLANG_CXX_LANGUAGE_STANDARD = "gnu++17";
				CLANG_CXX_LIBRARY = "libc++";
				CLANG_ENABLE_MODULES = YES;
				CLANG_ENABLE_OBJC_ARC = YES;
				CLANG_ENABLE_OBJC_WEAK = YES;
				CLANG_WARN_BLOCK_CAPTURE_AUTORELEASING = YES;
				CLANG_WARN_BOOL_CONVERSION = YES;
				CLANG_WARN_COMMA = YES;
				CLANG_WARN_CONSTANT_CONVERSION = YES;
				CLANG_WARN_DEPRECATED_OBJC_IMPLEMENTATIONS = YES;
				CLANG_WARN_DIRECT_OBJC_ISA_USAGE = YES_ERROR;
				CLANG_WARN_DOCUMENTATION_COMMENTS = YES;
				CLANG_WARN_EMPTY_BODY = YES;
				CLANG_WARN_ENUM_CONVERSION = YES;
				CLANG_WARN_INFINITE_RECURSION = YES;
				CLANG_WARN_INT_CONVERSION = YES;
				CLANG_WARN_NON_LITERAL_NULL_CONVERSION = YES;
				CLANG_WARN_OBJC_IMPLICIT_RETAIN_SELF = YES;
				CLANG_WARN_OBJC_LITERAL_CONVERSION = YES;
				CLANG_WARN_OBJC_ROOT_CLASS = YES_ERROR;
				CLANG_WARN_QUOTED_INCLUDE_IN_FRAMEWORK_HEADER = YES;
				CLANG_WARN_RANGE_LOOP_ANALYSIS = YES;
				CLANG_WARN_STRICT_PROTOTYPES = YES;
				CLANG_WARN_SUSPICIOUS_MOVE = YES;
				CLANG_WARN_UNGUARDED_AVAILABILITY = YES_AGGRESSIVE;
				CLANG_WARN_UNREACHABLE_CODE = YES;
				CLANG_WARN__DUPLICATE_METHOD_MATCH = YES;
				COPY_PHASE_STRIP = NO;
				DEBUG_INFORMATION_FORMAT = "dwarf-with-dsym";
				ENABLE_NS_ASSERTIONS = NO;
				ENABLE_STRICT_OBJC_MSGSEND = YES;
				GCC_C_LANGUAGE_STANDARD = gnu11;
				GCC_NO_COMMON_BLOCKS = YES;
				GCC_WARN_64_TO_32_BIT_CONVERSION = YES;
				GCC_WARN_ABOUT_RETURN_TYPE = YES_ERROR;
				GCC_WARN_UNDECLARED_SELECTOR = YES;
				GCC_WARN_UNINITIALIZED_AUTOS = YES_AGGRESSIVE;
				GCC_WARN_UNUSED_FUNCTION = YES;
				GCC_WARN_UNUSED_VARIABLE = YES;
				IPHONEOS_DEPLOYMENT_TARGET = 15.0;
				MTL_ENABLE_DEBUG_INFO = NO;
				MTL_FAST_MATH = YES;
				SDKROOT = iphoneos;
				SWIFT_COMPILATION_MODE = wholemodule;
				SWIFT_OPTIMIZATION_LEVEL = "-O";
				VALIDATE_PRODUCT = YES;
			};
			name = Release;
		};
		B41C218D275CC05C009744EC /* Debug */ = {
			isa = XCBuildConfiguration;
			baseConfigurationReference = 0DF606051389ACCAA475BD30 /* Pods-CameraFilter.debug.xcconfig */;
			buildSettings = {
				ASSETCATALOG_COMPILER_APPICON_NAME = AppIcon;
				ASSETCATALOG_COMPILER_GLOBAL_ACCENT_COLOR_NAME = AccentColor;
				CODE_SIGN_STYLE = Automatic;
				CURRENT_PROJECT_VERSION = 1;
				DEVELOPMENT_TEAM = 7MS89TXQ5T;
				GENERATE_INFOPLIST_FILE = YES;
				INFOPLIST_FILE = CameraFilter/Info.plist;
				INFOPLIST_KEY_UIApplicationSupportsIndirectInputEvents = YES;
				INFOPLIST_KEY_UILaunchStoryboardName = LaunchScreen;
				INFOPLIST_KEY_UIMainStoryboardFile = Main;
				INFOPLIST_KEY_UISupportedInterfaceOrientations_iPad = "UIInterfaceOrientationPortrait UIInterfaceOrientationPortraitUpsideDown UIInterfaceOrientationLandscapeLeft UIInterfaceOrientationLandscapeRight";
				INFOPLIST_KEY_UISupportedInterfaceOrientations_iPhone = "UIInterfaceOrientationPortrait UIInterfaceOrientationLandscapeLeft UIInterfaceOrientationLandscapeRight";
				LD_RUNPATH_SEARCH_PATHS = (
					"$(inherited)",
					"@executable_path/Frameworks",
				);
				MARKETING_VERSION = 1.0;
				PRODUCT_BUNDLE_IDENTIFIER = camosss.CameraFilter;
				PRODUCT_NAME = "$(TARGET_NAME)";
				SWIFT_EMIT_LOC_STRINGS = YES;
				SWIFT_VERSION = 5.0;
				TARGETED_DEVICE_FAMILY = "1,2";
			};
			name = Debug;
		};
		B41C218E275CC05C009744EC /* Release */ = {
			isa = XCBuildConfiguration;
			baseConfigurationReference = 42EC4C0248CAA3AB85EC1C36 /* Pods-CameraFilter.release.xcconfig */;
			buildSettings = {
				ASSETCATALOG_COMPILER_APPICON_NAME = AppIcon;
				ASSETCATALOG_COMPILER_GLOBAL_ACCENT_COLOR_NAME = AccentColor;
				CODE_SIGN_STYLE = Automatic;
				CURRENT_PROJECT_VERSION = 1;
				DEVELOPMENT_TEAM = 7MS89TXQ5T;
				GENERATE_INFOPLIST_FILE = YES;
				INFOPLIST_FILE = CameraFilter/Info.plist;
				INFOPLIST_KEY_UIApplicationSupportsIndirectInputEvents = YES;
				INFOPLIST_KEY_UILaunchStoryboardName = LaunchScreen;
				INFOPLIST_KEY_UIMainStoryboardFile = Main;
				INFOPLIST_KEY_UISupportedInterfaceOrientations_iPad = "UIInterfaceOrientationPortrait UIInterfaceOrientationPortraitUpsideDown UIInterfaceOrientationLandscapeLeft UIInterfaceOrientationLandscapeRight";
				INFOPLIST_KEY_UISupportedInterfaceOrientations_iPhone = "UIInterfaceOrientationPortrait UIInterfaceOrientationLandscapeLeft UIInterfaceOrientationLandscapeRight";
				LD_RUNPATH_SEARCH_PATHS = (
					"$(inherited)",
					"@executable_path/Frameworks",
				);
				MARKETING_VERSION = 1.0;
				PRODUCT_BUNDLE_IDENTIFIER = camosss.CameraFilter;
				PRODUCT_NAME = "$(TARGET_NAME)";
				SWIFT_EMIT_LOC_STRINGS = YES;
				SWIFT_VERSION = 5.0;
				TARGETED_DEVICE_FAMILY = "1,2";
			};
			name = Release;
		};
/* End XCBuildConfiguration section */

/* Begin XCConfigurationList section */
		B41C2173275CC059009744EC /* Build configuration list for PBXProject "CameraFilter" */ = {
			isa = XCConfigurationList;
			buildConfigurations = (
				B41C218A275CC05C009744EC /* Debug */,
				B41C218B275CC05C009744EC /* Release */,
			);
			defaultConfigurationIsVisible = 0;
			defaultConfigurationName = Release;
		};
		B41C218C275CC05C009744EC /* Build configuration list for PBXNativeTarget "CameraFilter" */ = {
			isa = XCConfigurationList;
			buildConfigurations = (
				B41C218D275CC05C009744EC /* Debug */,
				B41C218E275CC05C009744EC /* Release */,
			);
			defaultConfigurationIsVisible = 0;
			defaultConfigurationName = Release;
		};
/* End XCConfigurationList section */
	};
	rootObject = B41C2170275CC059009744EC /* Project object */;
}
