// !$*UTF8*$!
{
	archiveVersion = 1;
	classes = {
	};
	objectVersion = 55;
	objects = {

/* Begin PBXBuildFile section */
		01D25C94DCF445B2D8E6C688 /* Pods_GoodMemo.framework in Frameworks */ = {isa = PBXBuildFile; fileRef = AC1C0886CF61E342DBF41FC7 /* Pods_GoodMemo.framework */; };
		B426D0EB27CB7E78001B0857 /* AppDelegate.swift in Sources */ = {isa = PBXBuildFile; fileRef = B426D0EA27CB7E78001B0857 /* AppDelegate.swift */; };
		B426D0ED27CB7E78001B0857 /* SceneDelegate.swift in Sources */ = {isa = PBXBuildFile; fileRef = B426D0EC27CB7E78001B0857 /* SceneDelegate.swift */; };
		B426D0F227CB7E78001B0857 /* Main.storyboard in Resources */ = {isa = PBXBuildFile; fileRef = B426D0F027CB7E78001B0857 /* Main.storyboard */; };
		B426D0F527CB7E78001B0857 /* GoodMemo.xcdatamodeld in Sources */ = {isa = PBXBuildFile; fileRef = B426D0F327CB7E78001B0857 /* GoodMemo.xcdatamodeld */; };
		B426D0F727CB7E79001B0857 /* Assets.xcassets in Resources */ = {isa = PBXBuildFile; fileRef = B426D0F627CB7E79001B0857 /* Assets.xcassets */; };
		B426D0FA27CB7E79001B0857 /* LaunchScreen.storyboard in Resources */ = {isa = PBXBuildFile; fileRef = B426D0F827CB7E79001B0857 /* LaunchScreen.storyboard */; };
		B426D10727CB8362001B0857 /* Memo.swift in Sources */ = {isa = PBXBuildFile; fileRef = B426D10627CB8362001B0857 /* Memo.swift */; };
		B4523B6227CB863F00BF0204 /* MemoStorageType.swift in Sources */ = {isa = PBXBuildFile; fileRef = B4523B6127CB863F00BF0204 /* MemoStorageType.swift */; };
		B4523B6627CB87B100BF0204 /* MemoryStorage.swift in Sources */ = {isa = PBXBuildFile; fileRef = B4523B6527CB87B100BF0204 /* MemoryStorage.swift */; };
		B4523B6827CBA25500BF0204 /* MemoListViewController.swift in Sources */ = {isa = PBXBuildFile; fileRef = B4523B6727CBA25500BF0204 /* MemoListViewController.swift */; };
		B4523B6A27CBA28700BF0204 /* MemoDetailViewController.swift in Sources */ = {isa = PBXBuildFile; fileRef = B4523B6927CBA28700BF0204 /* MemoDetailViewController.swift */; };
		B4523B6C27CBA28F00BF0204 /* MemoComposeViewController.swift in Sources */ = {isa = PBXBuildFile; fileRef = B4523B6B27CBA28F00BF0204 /* MemoComposeViewController.swift */; };
		B4523B6E27CBA30100BF0204 /* MemoListViewModel.swift in Sources */ = {isa = PBXBuildFile; fileRef = B4523B6D27CBA30100BF0204 /* MemoListViewModel.swift */; };
		B4523B7027CBA31000BF0204 /* MemoDetailViewModel.swift in Sources */ = {isa = PBXBuildFile; fileRef = B4523B6F27CBA31000BF0204 /* MemoDetailViewModel.swift */; };
		B4523B7227CBA31F00BF0204 /* MemoComposeViewModel.swift in Sources */ = {isa = PBXBuildFile; fileRef = B4523B7127CBA31F00BF0204 /* MemoComposeViewModel.swift */; };
		B4523B7427CBA36B00BF0204 /* ViewModelBindableType.swift in Sources */ = {isa = PBXBuildFile; fileRef = B4523B7327CBA36B00BF0204 /* ViewModelBindableType.swift */; };
		B4523B7627CBAA5100BF0204 /* TransitionModel.swift in Sources */ = {isa = PBXBuildFile; fileRef = B4523B7527CBAA5100BF0204 /* TransitionModel.swift */; };
		B4523B7827CBAAAD00BF0204 /* Scene.swift in Sources */ = {isa = PBXBuildFile; fileRef = B4523B7727CBAAAD00BF0204 /* Scene.swift */; };
		B4523B7A27CBAD9100BF0204 /* SceneCoordinatorType.swift in Sources */ = {isa = PBXBuildFile; fileRef = B4523B7927CBAD9100BF0204 /* SceneCoordinatorType.swift */; };
		B4523B7C27CBAF7700BF0204 /* SceneCoordinator.swift in Sources */ = {isa = PBXBuildFile; fileRef = B4523B7B27CBAF7700BF0204 /* SceneCoordinator.swift */; };
		B4523BBB27CCA3BD00BF0204 /* CommonViewModel.swift in Sources */ = {isa = PBXBuildFile; fileRef = B4523BBA27CCA3BD00BF0204 /* CommonViewModel.swift */; };
/* End PBXBuildFile section */

/* Begin PBXFileReference section */
		6F57569F8C8AC69C46154487 /* Pods-GoodMemo.debug.xcconfig */ = {isa = PBXFileReference; includeInIndex = 1; lastKnownFileType = text.xcconfig; name = "Pods-GoodMemo.debug.xcconfig"; path = "Target Support Files/Pods-GoodMemo/Pods-GoodMemo.debug.xcconfig"; sourceTree = "<group>"; };
		AC1C0886CF61E342DBF41FC7 /* Pods_GoodMemo.framework */ = {isa = PBXFileReference; explicitFileType = wrapper.framework; includeInIndex = 0; path = Pods_GoodMemo.framework; sourceTree = BUILT_PRODUCTS_DIR; };
		B426D0E727CB7E78001B0857 /* GoodMemo.app */ = {isa = PBXFileReference; explicitFileType = wrapper.application; includeInIndex = 0; path = GoodMemo.app; sourceTree = BUILT_PRODUCTS_DIR; };
		B426D0EA27CB7E78001B0857 /* AppDelegate.swift */ = {isa = PBXFileReference; lastKnownFileType = sourcecode.swift; path = AppDelegate.swift; sourceTree = "<group>"; };
		B426D0EC27CB7E78001B0857 /* SceneDelegate.swift */ = {isa = PBXFileReference; lastKnownFileType = sourcecode.swift; path = SceneDelegate.swift; sourceTree = "<group>"; };
		B426D0F127CB7E78001B0857 /* Base */ = {isa = PBXFileReference; lastKnownFileType = file.storyboard; name = Base; path = Base.lproj/Main.storyboard; sourceTree = "<group>"; };
		B426D0F427CB7E78001B0857 /* GoodMemo.xcdatamodel */ = {isa = PBXFileReference; lastKnownFileType = wrapper.xcdatamodel; path = GoodMemo.xcdatamodel; sourceTree = "<group>"; };
		B426D0F627CB7E79001B0857 /* Assets.xcassets */ = {isa = PBXFileReference; lastKnownFileType = folder.assetcatalog; path = Assets.xcassets; sourceTree = "<group>"; };
		B426D0F927CB7E79001B0857 /* Base */ = {isa = PBXFileReference; lastKnownFileType = file.storyboard; name = Base; path = Base.lproj/LaunchScreen.storyboard; sourceTree = "<group>"; };
		B426D0FB27CB7E79001B0857 /* Info.plist */ = {isa = PBXFileReference; lastKnownFileType = text.plist.xml; path = Info.plist; sourceTree = "<group>"; };
		B426D10627CB8362001B0857 /* Memo.swift */ = {isa = PBXFileReference; lastKnownFileType = sourcecode.swift; path = Memo.swift; sourceTree = "<group>"; };
		B4523B6127CB863F00BF0204 /* MemoStorageType.swift */ = {isa = PBXFileReference; lastKnownFileType = sourcecode.swift; path = MemoStorageType.swift; sourceTree = "<group>"; };
		B4523B6527CB87B100BF0204 /* MemoryStorage.swift */ = {isa = PBXFileReference; lastKnownFileType = sourcecode.swift; path = MemoryStorage.swift; sourceTree = "<group>"; };
		B4523B6727CBA25500BF0204 /* MemoListViewController.swift */ = {isa = PBXFileReference; lastKnownFileType = sourcecode.swift; path = MemoListViewController.swift; sourceTree = "<group>"; };
		B4523B6927CBA28700BF0204 /* MemoDetailViewController.swift */ = {isa = PBXFileReference; lastKnownFileType = sourcecode.swift; path = MemoDetailViewController.swift; sourceTree = "<group>"; };
		B4523B6B27CBA28F00BF0204 /* MemoComposeViewController.swift */ = {isa = PBXFileReference; lastKnownFileType = sourcecode.swift; path = MemoComposeViewController.swift; sourceTree = "<group>"; };
		B4523B6D27CBA30100BF0204 /* MemoListViewModel.swift */ = {isa = PBXFileReference; lastKnownFileType = sourcecode.swift; path = MemoListViewModel.swift; sourceTree = "<group>"; };
		B4523B6F27CBA31000BF0204 /* MemoDetailViewModel.swift */ = {isa = PBXFileReference; lastKnownFileType = sourcecode.swift; path = MemoDetailViewModel.swift; sourceTree = "<group>"; };
		B4523B7127CBA31F00BF0204 /* MemoComposeViewModel.swift */ = {isa = PBXFileReference; lastKnownFileType = sourcecode.swift; path = MemoComposeViewModel.swift; sourceTree = "<group>"; };
		B4523B7327CBA36B00BF0204 /* ViewModelBindableType.swift */ = {isa = PBXFileReference; lastKnownFileType = sourcecode.swift; path = ViewModelBindableType.swift; sourceTree = "<group>"; };
		B4523B7527CBAA5100BF0204 /* TransitionModel.swift */ = {isa = PBXFileReference; lastKnownFileType = sourcecode.swift; path = TransitionModel.swift; sourceTree = "<group>"; };
		B4523B7727CBAAAD00BF0204 /* Scene.swift */ = {isa = PBXFileReference; lastKnownFileType = sourcecode.swift; path = Scene.swift; sourceTree = "<group>"; };
		B4523B7927CBAD9100BF0204 /* SceneCoordinatorType.swift */ = {isa = PBXFileReference; lastKnownFileType = sourcecode.swift; path = SceneCoordinatorType.swift; sourceTree = "<group>"; };
		B4523B7B27CBAF7700BF0204 /* SceneCoordinator.swift */ = {isa = PBXFileReference; lastKnownFileType = sourcecode.swift; path = SceneCoordinator.swift; sourceTree = "<group>"; };
		B4523BBA27CCA3BD00BF0204 /* CommonViewModel.swift */ = {isa = PBXFileReference; lastKnownFileType = sourcecode.swift; path = CommonViewModel.swift; sourceTree = "<group>"; };
		CCC0C27C58D33D456F6B660B /* Pods-GoodMemo.release.xcconfig */ = {isa = PBXFileReference; includeInIndex = 1; lastKnownFileType = text.xcconfig; name = "Pods-GoodMemo.release.xcconfig"; path = "Target Support Files/Pods-GoodMemo/Pods-GoodMemo.release.xcconfig"; sourceTree = "<group>"; };
/* End PBXFileReference section */

/* Begin PBXFrameworksBuildPhase section */
		B426D0E427CB7E78001B0857 /* Frameworks */ = {
			isa = PBXFrameworksBuildPhase;
			buildActionMask = 2147483647;
			files = (
				01D25C94DCF445B2D8E6C688 /* Pods_GoodMemo.framework in Frameworks */,
			);
			runOnlyForDeploymentPostprocessing = 0;
		};
/* End PBXFrameworksBuildPhase section */

/* Begin PBXGroup section */
		1DFBB52C0459BB11EB0B3F94 /* Frameworks */ = {
			isa = PBXGroup;
			children = (
				AC1C0886CF61E342DBF41FC7 /* Pods_GoodMemo.framework */,
			);
			name = Frameworks;
			sourceTree = "<group>";
		};
		5B6E7C7AD1B822D6D76A9DAA /* Pods */ = {
			isa = PBXGroup;
			children = (
				6F57569F8C8AC69C46154487 /* Pods-GoodMemo.debug.xcconfig */,
				CCC0C27C58D33D456F6B660B /* Pods-GoodMemo.release.xcconfig */,
			);
			path = Pods;
			sourceTree = "<group>";
		};
		B426D0DE27CB7E78001B0857 = {
			isa = PBXGroup;
			children = (
				B426D0E927CB7E78001B0857 /* GoodMemo */,
				B426D0E827CB7E78001B0857 /* Products */,
				5B6E7C7AD1B822D6D76A9DAA /* Pods */,
				1DFBB52C0459BB11EB0B3F94 /* Frameworks */,
			);
			sourceTree = "<group>";
		};
		B426D0E827CB7E78001B0857 /* Products */ = {
			isa = PBXGroup;
			children = (
				B426D0E727CB7E78001B0857 /* GoodMemo.app */,
			);
			name = Products;
			sourceTree = "<group>";
		};
		B426D0E927CB7E78001B0857 /* GoodMemo */ = {
			isa = PBXGroup;
			children = (
				B426D10527CB82FF001B0857 /* Scene */,
				B426D10427CB82FB001B0857 /* Service */,
				B426D10327CB82F2001B0857 /* ViewModel */,
				B426D10227CB82EE001B0857 /* ViewController */,
				B426D10127CB82E8001B0857 /* Model */,
				B426D0EA27CB7E78001B0857 /* AppDelegate.swift */,
				B426D0EC27CB7E78001B0857 /* SceneDelegate.swift */,
				B426D0F027CB7E78001B0857 /* Main.storyboard */,
				B426D0F627CB7E79001B0857 /* Assets.xcassets */,
				B426D0F827CB7E79001B0857 /* LaunchScreen.storyboard */,
				B426D0FB27CB7E79001B0857 /* Info.plist */,
			);
			path = GoodMemo;
			sourceTree = "<group>";
		};
		B426D10127CB82E8001B0857 /* Model */ = {
			isa = PBXGroup;
			children = (
				B426D10627CB8362001B0857 /* Memo.swift */,
			);
			path = Model;
			sourceTree = "<group>";
		};
		B426D10227CB82EE001B0857 /* ViewController */ = {
			isa = PBXGroup;
			children = (
				B4523B6727CBA25500BF0204 /* MemoListViewController.swift */,
				B4523B6927CBA28700BF0204 /* MemoDetailViewController.swift */,
				B4523B6B27CBA28F00BF0204 /* MemoComposeViewController.swift */,
				B4523B7327CBA36B00BF0204 /* ViewModelBindableType.swift */,
			);
			path = ViewController;
			sourceTree = "<group>";
		};
		B426D10327CB82F2001B0857 /* ViewModel */ = {
			isa = PBXGroup;
			children = (
				B4523B6D27CBA30100BF0204 /* MemoListViewModel.swift */,
				B4523B6F27CBA31000BF0204 /* MemoDetailViewModel.swift */,
				B4523B7127CBA31F00BF0204 /* MemoComposeViewModel.swift */,
				B4523BBA27CCA3BD00BF0204 /* CommonViewModel.swift */,
			);
			path = ViewModel;
			sourceTree = "<group>";
		};
		B426D10427CB82FB001B0857 /* Service */ = {
			isa = PBXGroup;
			children = (
				B4523B6427CB878B00BF0204 /* CoreDataStorage */,
				B4523B6327CB878400BF0204 /* MemoStorage */,
				B4523B6127CB863F00BF0204 /* MemoStorageType.swift */,
			);
			path = Service;
			sourceTree = "<group>";
		};
		B426D10527CB82FF001B0857 /* Scene */ = {
			isa = PBXGroup;
			children = (
				B4523B7527CBAA5100BF0204 /* TransitionModel.swift */,
				B4523B7727CBAAAD00BF0204 /* Scene.swift */,
				B4523B7927CBAD9100BF0204 /* SceneCoordinatorType.swift */,
				B4523B7B27CBAF7700BF0204 /* SceneCoordinator.swift */,
			);
			path = Scene;
			sourceTree = "<group>";
		};
		B4523B6327CB878400BF0204 /* MemoStorage */ = {
			isa = PBXGroup;
			children = (
				B4523B6527CB87B100BF0204 /* MemoryStorage.swift */,
			);
			path = MemoStorage;
			sourceTree = "<group>";
		};
		B4523B6427CB878B00BF0204 /* CoreDataStorage */ = {
			isa = PBXGroup;
			children = (
				B426D0F327CB7E78001B0857 /* GoodMemo.xcdatamodeld */,
			);
			path = CoreDataStorage;
			sourceTree = "<group>";
		};
/* End PBXGroup section */

/* Begin PBXNativeTarget section */
		B426D0E627CB7E78001B0857 /* GoodMemo */ = {
			isa = PBXNativeTarget;
			buildConfigurationList = B426D0FE27CB7E79001B0857 /* Build configuration list for PBXNativeTarget "GoodMemo" */;
			buildPhases = (
				F40E4481C81DCF0920E7FFD5 /* [CP] Check Pods Manifest.lock */,
				B426D0E327CB7E78001B0857 /* Sources */,
				B426D0E427CB7E78001B0857 /* Frameworks */,
				B426D0E527CB7E78001B0857 /* Resources */,
				3F9F0C0F5D07F7B82DDA7205 /* [CP] Embed Pods Frameworks */,
			);
			buildRules = (
			);
			dependencies = (
			);
			name = GoodMemo;
			productName = GoodMemo;
			productReference = B426D0E727CB7E78001B0857 /* GoodMemo.app */;
			productType = "com.apple.product-type.application";
		};
/* End PBXNativeTarget section */

/* Begin PBXProject section */
		B426D0DF27CB7E78001B0857 /* Project object */ = {
			isa = PBXProject;
			attributes = {
				BuildIndependentTargetsInParallel = 1;
				LastSwiftUpdateCheck = 1320;
				LastUpgradeCheck = 1320;
				TargetAttributes = {
					B426D0E627CB7E78001B0857 = {
						CreatedOnToolsVersion = 13.2.1;
					};
				};
			};
			buildConfigurationList = B426D0E227CB7E78001B0857 /* Build configuration list for PBXProject "GoodMemo" */;
			compatibilityVersion = "Xcode 13.0";
			developmentRegion = en;
			hasScannedForEncodings = 0;
			knownRegions = (
				en,
				Base,
			);
			mainGroup = B426D0DE27CB7E78001B0857;
			productRefGroup = B426D0E827CB7E78001B0857 /* Products */;
			projectDirPath = "";
			projectRoot = "";
			targets = (
				B426D0E627CB7E78001B0857 /* GoodMemo */,
			);
		};
/* End PBXProject section */

/* Begin PBXResourcesBuildPhase section */
		B426D0E527CB7E78001B0857 /* Resources */ = {
			isa = PBXResourcesBuildPhase;
			buildActionMask = 2147483647;
			files = (
				B426D0FA27CB7E79001B0857 /* LaunchScreen.storyboard in Resources */,
				B426D0F727CB7E79001B0857 /* Assets.xcassets in Resources */,
				B426D0F227CB7E78001B0857 /* Main.storyboard in Resources */,
			);
			runOnlyForDeploymentPostprocessing = 0;
		};
/* End PBXResourcesBuildPhase section */

/* Begin PBXShellScriptBuildPhase section */
		3F9F0C0F5D07F7B82DDA7205 /* [CP] Embed Pods Frameworks */ = {
			isa = PBXShellScriptBuildPhase;
			buildActionMask = 2147483647;
			files = (
			);
			inputFileListPaths = (
				"${PODS_ROOT}/Target Support Files/Pods-GoodMemo/Pods-GoodMemo-frameworks-${CONFIGURATION}-input-files.xcfilelist",
			);
			name = "[CP] Embed Pods Frameworks";
			outputFileListPaths = (
				"${PODS_ROOT}/Target Support Files/Pods-GoodMemo/Pods-GoodMemo-frameworks-${CONFIGURATION}-output-files.xcfilelist",
			);
			runOnlyForDeploymentPostprocessing = 0;
			shellPath = /bin/sh;
			shellScript = "\"${PODS_ROOT}/Target Support Files/Pods-GoodMemo/Pods-GoodMemo-frameworks.sh\"\n";
			showEnvVarsInLog = 0;
		};
		F40E4481C81DCF0920E7FFD5 /* [CP] Check Pods Manifest.lock */ = {
			isa = PBXShellScriptBuildPhase;
			buildActionMask = 2147483647;
			files = (
			);
			inputFileListPaths = (
			);
			inputPaths = (
				"${PODS_PODFILE_DIR_PATH}/Podfile.lock",
				"${PODS_ROOT}/Manifest.lock",
			);
			name = "[CP] Check Pods Manifest.lock";
			outputFileListPaths = (
			);
			outputPaths = (
				"$(DERIVED_FILE_DIR)/Pods-GoodMemo-checkManifestLockResult.txt",
			);
			runOnlyForDeploymentPostprocessing = 0;
			shellPath = /bin/sh;
			shellScript = "diff \"${PODS_PODFILE_DIR_PATH}/Podfile.lock\" \"${PODS_ROOT}/Manifest.lock\" > /dev/null\nif [ $? != 0 ] ; then\n    # print error to STDERR\n    echo \"error: The sandbox is not in sync with the Podfile.lock. Run 'pod install' or update your CocoaPods installation.\" >&2\n    exit 1\nfi\n# This output is used by Xcode 'outputs' to avoid re-running this script phase.\necho \"SUCCESS\" > \"${SCRIPT_OUTPUT_FILE_0}\"\n";
			showEnvVarsInLog = 0;
		};
/* End PBXShellScriptBuildPhase section */

/* Begin PBXSourcesBuildPhase section */
		B426D0E327CB7E78001B0857 /* Sources */ = {
			isa = PBXSourcesBuildPhase;
			buildActionMask = 2147483647;
			files = (
				B426D0F527CB7E78001B0857 /* GoodMemo.xcdatamodeld in Sources */,
				B4523B7227CBA31F00BF0204 /* MemoComposeViewModel.swift in Sources */,
				B4523B7C27CBAF7700BF0204 /* SceneCoordinator.swift in Sources */,
				B4523B7827CBAAAD00BF0204 /* Scene.swift in Sources */,
				B4523B6A27CBA28700BF0204 /* MemoDetailViewController.swift in Sources */,
				B4523B7427CBA36B00BF0204 /* ViewModelBindableType.swift in Sources */,
				B4523B6627CB87B100BF0204 /* MemoryStorage.swift in Sources */,
				B426D0EB27CB7E78001B0857 /* AppDelegate.swift in Sources */,
				B4523B6227CB863F00BF0204 /* MemoStorageType.swift in Sources */,
				B426D0ED27CB7E78001B0857 /* SceneDelegate.swift in Sources */,
				B4523B7A27CBAD9100BF0204 /* SceneCoordinatorType.swift in Sources */,
				B4523B6E27CBA30100BF0204 /* MemoListViewModel.swift in Sources */,
				B4523B7027CBA31000BF0204 /* MemoDetailViewModel.swift in Sources */,
				B4523BBB27CCA3BD00BF0204 /* CommonViewModel.swift in Sources */,
				B4523B7627CBAA5100BF0204 /* TransitionModel.swift in Sources */,
				B4523B6827CBA25500BF0204 /* MemoListViewController.swift in Sources */,
				B4523B6C27CBA28F00BF0204 /* MemoComposeViewController.swift in Sources */,
				B426D10727CB8362001B0857 /* Memo.swift in Sources */,
			);
			runOnlyForDeploymentPostprocessing = 0;
		};
/* End PBXSourcesBuildPhase section */

/* Begin PBXVariantGroup section */
		B426D0F027CB7E78001B0857 /* Main.storyboard */ = {
			isa = PBXVariantGroup;
			children = (
				B426D0F127CB7E78001B0857 /* Base */,
			);
			name = Main.storyboard;
			sourceTree = "<group>";
		};
		B426D0F827CB7E79001B0857 /* LaunchScreen.storyboard */ = {
			isa = PBXVariantGroup;
			children = (
				B426D0F927CB7E79001B0857 /* Base */,
			);
			name = LaunchScreen.storyboard;
			sourceTree = "<group>";
		};
/* End PBXVariantGroup section */

/* Begin XCBuildConfiguration section */
		B426D0FC27CB7E79001B0857 /* Debug */ = {
			isa = XCBuildConfiguration;
			buildSettings = {
				ALWAYS_SEARCH_USER_PATHS = NO;
				CLANG_ANALYZER_NONNULL = YES;
				CLANG_ANALYZER_NUMBER_OBJECT_CONVERSION = YES_AGGRESSIVE;
				CLANG_CXX_LANGUAGE_STANDARD = "gnu++17";
				CLANG_CXX_LIBRARY = "libc++";
				CLANG_ENABLE_MODULES = YES;
				CLANG_ENABLE_OBJC_ARC = YES;
				CLANG_ENABLE_OBJC_WEAK = YES;
				CLANG_WARN_BLOCK_CAPTURE_AUTORELEASING = YES;
				CLANG_WARN_BOOL_CONVERSION = YES;
				CLANG_WARN_COMMA = YES;
				CLANG_WARN_CONSTANT_CONVERSION = YES;
				CLANG_WARN_DEPRECATED_OBJC_IMPLEMENTATIONS = YES;
				CLANG_WARN_DIRECT_OBJC_ISA_USAGE = YES_ERROR;
				CLANG_WARN_DOCUMENTATION_COMMENTS = YES;
				CLANG_WARN_EMPTY_BODY = YES;
				CLANG_WARN_ENUM_CONVERSION = YES;
				CLANG_WARN_INFINITE_RECURSION = YES;
				CLANG_WARN_INT_CONVERSION = YES;
				CLANG_WARN_NON_LITERAL_NULL_CONVERSION = YES;
				CLANG_WARN_OBJC_IMPLICIT_RETAIN_SELF = YES;
				CLANG_WARN_OBJC_LITERAL_CONVERSION = YES;
				CLANG_WARN_OBJC_ROOT_CLASS = YES_ERROR;
				CLANG_WARN_QUOTED_INCLUDE_IN_FRAMEWORK_HEADER = YES;
				CLANG_WARN_RANGE_LOOP_ANALYSIS = YES;
				CLANG_WARN_STRICT_PROTOTYPES = YES;
				CLANG_WARN_SUSPICIOUS_MOVE = YES;
				CLANG_WARN_UNGUARDED_AVAILABILITY = YES_AGGRESSIVE;
				CLANG_WARN_UNREACHABLE_CODE = YES;
				CLANG_WARN__DUPLICATE_METHOD_MATCH = YES;
				COPY_PHASE_STRIP = NO;
				DEBUG_INFORMATION_FORMAT = dwarf;
				ENABLE_STRICT_OBJC_MSGSEND = YES;
				ENABLE_TESTABILITY = YES;
				GCC_C_LANGUAGE_STANDARD = gnu11;
				GCC_DYNAMIC_NO_PIC = NO;
				GCC_NO_COMMON_BLOCKS = YES;
				GCC_OPTIMIZATION_LEVEL = 0;
				GCC_PREPROCESSOR_DEFINITIONS = (
					"DEBUG=1",
					"$(inherited)",
				);
				GCC_WARN_64_TO_32_BIT_CONVERSION = YES;
				GCC_WARN_ABOUT_RETURN_TYPE = YES_ERROR;
				GCC_WARN_UNDECLARED_SELECTOR = YES;
				GCC_WARN_UNINITIALIZED_AUTOS = YES_AGGRESSIVE;
				GCC_WARN_UNUSED_FUNCTION = YES;
				GCC_WARN_UNUSED_VARIABLE = YES;
				IPHONEOS_DEPLOYMENT_TARGET = 13.0;
				MTL_ENABLE_DEBUG_INFO = INCLUDE_SOURCE;
				MTL_FAST_MATH = YES;
				ONLY_ACTIVE_ARCH = YES;
				SDKROOT = iphoneos;
				SWIFT_ACTIVE_COMPILATION_CONDITIONS = DEBUG;
				SWIFT_OPTIMIZATION_LEVEL = "-Onone";
			};
			name = Debug;
		};
		B426D0FD27CB7E79001B0857 /* Release */ = {
			isa = XCBuildConfiguration;
			buildSettings = {
				ALWAYS_SEARCH_USER_PATHS = NO;
				CLANG_ANALYZER_NONNULL = YES;
				CLANG_ANALYZER_NUMBER_OBJECT_CONVERSION = YES_AGGRESSIVE;
				CLANG_CXX_LANGUAGE_STANDARD = "gnu++17";
				CLANG_CXX_LIBRARY = "libc++";
				CLANG_ENABLE_MODULES = YES;
				CLANG_ENABLE_OBJC_ARC = YES;
				CLANG_ENABLE_OBJC_WEAK = YES;
				CLANG_WARN_BLOCK_CAPTURE_AUTORELEASING = YES;
				CLANG_WARN_BOOL_CONVERSION = YES;
				CLANG_WARN_COMMA = YES;
				CLANG_WARN_CONSTANT_CONVERSION = YES;
				CLANG_WARN_DEPRECATED_OBJC_IMPLEMENTATIONS = YES;
				CLANG_WARN_DIRECT_OBJC_ISA_USAGE = YES_ERROR;
				CLANG_WARN_DOCUMENTATION_COMMENTS = YES;
				CLANG_WARN_EMPTY_BODY = YES;
				CLANG_WARN_ENUM_CONVERSION = YES;
				CLANG_WARN_INFINITE_RECURSION = YES;
				CLANG_WARN_INT_CONVERSION = YES;
				CLANG_WARN_NON_LITERAL_NULL_CONVERSION = YES;
				CLANG_WARN_OBJC_IMPLICIT_RETAIN_SELF = YES;
				CLANG_WARN_OBJC_LITERAL_CONVERSION = YES;
				CLANG_WARN_OBJC_ROOT_CLASS = YES_ERROR;
				CLANG_WARN_QUOTED_INCLUDE_IN_FRAMEWORK_HEADER = YES;
				CLANG_WARN_RANGE_LOOP_ANALYSIS = YES;
				CLANG_WARN_STRICT_PROTOTYPES = YES;
				CLANG_WARN_SUSPICIOUS_MOVE = YES;
				CLANG_WARN_UNGUARDED_AVAILABILITY = YES_AGGRESSIVE;
				CLANG_WARN_UNREACHABLE_CODE = YES;
				CLANG_WARN__DUPLICATE_METHOD_MATCH = YES;
				COPY_PHASE_STRIP = NO;
				DEBUG_INFORMATION_FORMAT = "dwarf-with-dsym";
				ENABLE_NS_ASSERTIONS = NO;
				ENABLE_STRICT_OBJC_MSGSEND = YES;
				GCC_C_LANGUAGE_STANDARD = gnu11;
				GCC_NO_COMMON_BLOCKS = YES;
				GCC_WARN_64_TO_32_BIT_CONVERSION = YES;
				GCC_WARN_ABOUT_RETURN_TYPE = YES_ERROR;
				GCC_WARN_UNDECLARED_SELECTOR = YES;
				GCC_WARN_UNINITIALIZED_AUTOS = YES_AGGRESSIVE;
				GCC_WARN_UNUSED_FUNCTION = YES;
				GCC_WARN_UNUSED_VARIABLE = YES;
				IPHONEOS_DEPLOYMENT_TARGET = 13.0;
				MTL_ENABLE_DEBUG_INFO = NO;
				MTL_FAST_MATH = YES;
				SDKROOT = iphoneos;
				SWIFT_COMPILATION_MODE = wholemodule;
				SWIFT_OPTIMIZATION_LEVEL = "-O";
				VALIDATE_PRODUCT = YES;
			};
			name = Release;
		};
		B426D0FF27CB7E79001B0857 /* Debug */ = {
			isa = XCBuildConfiguration;
			baseConfigurationReference = 6F57569F8C8AC69C46154487 /* Pods-GoodMemo.debug.xcconfig */;
			buildSettings = {
				ASSETCATALOG_COMPILER_APPICON_NAME = AppIcon;
				ASSETCATALOG_COMPILER_GLOBAL_ACCENT_COLOR_NAME = AccentColor;
				CODE_SIGN_STYLE = Automatic;
				CURRENT_PROJECT_VERSION = 1;
				DEVELOPMENT_TEAM = 7MS89TXQ5T;
				GENERATE_INFOPLIST_FILE = YES;
				INFOPLIST_FILE = GoodMemo/Info.plist;
				INFOPLIST_KEY_UIApplicationSupportsIndirectInputEvents = YES;
				INFOPLIST_KEY_UILaunchStoryboardName = LaunchScreen;
				INFOPLIST_KEY_UIMainStoryboardFile = Main;
				INFOPLIST_KEY_UISupportedInterfaceOrientations_iPad = "UIInterfaceOrientationPortrait UIInterfaceOrientationPortraitUpsideDown UIInterfaceOrientationLandscapeLeft UIInterfaceOrientationLandscapeRight";
				INFOPLIST_KEY_UISupportedInterfaceOrientations_iPhone = "UIInterfaceOrientationPortrait UIInterfaceOrientationLandscapeLeft UIInterfaceOrientationLandscapeRight";
				IPHONEOS_DEPLOYMENT_TARGET = 13.0;
				LD_RUNPATH_SEARCH_PATHS = (
					"$(inherited)",
					"@executable_path/Frameworks",
				);
				MARKETING_VERSION = 1.0;
				PRODUCT_BUNDLE_IDENTIFIER = camosss.GoodMemo;
				PRODUCT_NAME = "$(TARGET_NAME)";
				SWIFT_EMIT_LOC_STRINGS = YES;
				SWIFT_VERSION = 5.0;
				TARGETED_DEVICE_FAMILY = "1,2";
			};
			name = Debug;
		};
		B426D10027CB7E79001B0857 /* Release */ = {
			isa = XCBuildConfiguration;
			baseConfigurationReference = CCC0C27C58D33D456F6B660B /* Pods-GoodMemo.release.xcconfig */;
			buildSettings = {
				ASSETCATALOG_COMPILER_APPICON_NAME = AppIcon;
				ASSETCATALOG_COMPILER_GLOBAL_ACCENT_COLOR_NAME = AccentColor;
				CODE_SIGN_STYLE = Automatic;
				CURRENT_PROJECT_VERSION = 1;
				DEVELOPMENT_TEAM = 7MS89TXQ5T;
				GENERATE_INFOPLIST_FILE = YES;
				INFOPLIST_FILE = GoodMemo/Info.plist;
				INFOPLIST_KEY_UIApplicationSupportsIndirectInputEvents = YES;
				INFOPLIST_KEY_UILaunchStoryboardName = LaunchScreen;
				INFOPLIST_KEY_UIMainStoryboardFile = Main;
				INFOPLIST_KEY_UISupportedInterfaceOrientations_iPad = "UIInterfaceOrientationPortrait UIInterfaceOrientationPortraitUpsideDown UIInterfaceOrientationLandscapeLeft UIInterfaceOrientationLandscapeRight";
				INFOPLIST_KEY_UISupportedInterfaceOrientations_iPhone = "UIInterfaceOrientationPortrait UIInterfaceOrientationLandscapeLeft UIInterfaceOrientationLandscapeRight";
				IPHONEOS_DEPLOYMENT_TARGET = 13.0;
				LD_RUNPATH_SEARCH_PATHS = (
					"$(inherited)",
					"@executable_path/Frameworks",
				);
				MARKETING_VERSION = 1.0;
				PRODUCT_BUNDLE_IDENTIFIER = camosss.GoodMemo;
				PRODUCT_NAME = "$(TARGET_NAME)";
				SWIFT_EMIT_LOC_STRINGS = YES;
				SWIFT_VERSION = 5.0;
				TARGETED_DEVICE_FAMILY = "1,2";
			};
			name = Release;
		};
/* End XCBuildConfiguration section */

/* Begin XCConfigurationList section */
		B426D0E227CB7E78001B0857 /* Build configuration list for PBXProject "GoodMemo" */ = {
			isa = XCConfigurationList;
			buildConfigurations = (
				B426D0FC27CB7E79001B0857 /* Debug */,
				B426D0FD27CB7E79001B0857 /* Release */,
			);
			defaultConfigurationIsVisible = 0;
			defaultConfigurationName = Release;
		};
		B426D0FE27CB7E79001B0857 /* Build configuration list for PBXNativeTarget "GoodMemo" */ = {
			isa = XCConfigurationList;
			buildConfigurations = (
				B426D0FF27CB7E79001B0857 /* Debug */,
				B426D10027CB7E79001B0857 /* Release */,
			);
			defaultConfigurationIsVisible = 0;
			defaultConfigurationName = Release;
		};
/* End XCConfigurationList section */

/* Begin XCVersionGroup section */
		B426D0F327CB7E78001B0857 /* GoodMemo.xcdatamodeld */ = {
			isa = XCVersionGroup;
			children = (
				B426D0F427CB7E78001B0857 /* GoodMemo.xcdatamodel */,
			);
			currentVersion = B426D0F427CB7E78001B0857 /* GoodMemo.xcdatamodel */;
			path = GoodMemo.xcdatamodeld;
			sourceTree = "<group>";
			versionGroupType = wrapper.xcdatamodel;
		};
/* End XCVersionGroup section */
	};
	rootObject = B426D0DF27CB7E78001B0857 /* Project object */;
}
